// !$*UTF8*$!
{
	archiveVersion = 1;
	classes = {
	};
	objectVersion = 56;
	objects = {

/* Begin PBXBuildFile section */
		69846366290502650044D066 /* SakodaHiromichi_kadai2App.swift in Sources */ = {isa = PBXBuildFile; fileRef = 69846365290502650044D066 /* SakodaHiromichi_kadai2App.swift */; };
		69846368290502650044D066 /* ContentView.swift in Sources */ = {isa = PBXBuildFile; fileRef = 69846367290502650044D066 /* ContentView.swift */; };
		6984636A290502670044D066 /* Assets.xcassets in Resources */ = {isa = PBXBuildFile; fileRef = 69846369290502670044D066 /* Assets.xcassets */; };
		6984636D290502670044D066 /* Preview Assets.xcassets in Resources */ = {isa = PBXBuildFile; fileRef = 6984636C290502670044D066 /* Preview Assets.xcassets */; };
		69846377290502670044D066 /* SakodaHiromichi_kadai2Tests.swift in Sources */ = {isa = PBXBuildFile; fileRef = 69846376290502670044D066 /* SakodaHiromichi_kadai2Tests.swift */; };
		69846381290502670044D066 /* SakodaHiromichi_kadai2UITests.swift in Sources */ = {isa = PBXBuildFile; fileRef = 69846380290502670044D066 /* SakodaHiromichi_kadai2UITests.swift */; };
		69846383290502670044D066 /* SakodaHiromichi_kadai2UITestsLaunchTests.swift in Sources */ = {isa = PBXBuildFile; fileRef = 69846382290502670044D066 /* SakodaHiromichi_kadai2UITestsLaunchTests.swift */; };
		699C0F242907FB4D0021D42C /* DoubleTest.swift in Sources */ = {isa = PBXBuildFile; fileRef = 699C0F232907FB4D0021D42C /* DoubleTest.swift */; };
/* End PBXBuildFile section */

/* Begin PBXContainerItemProxy section */
		69846373290502670044D066 /* PBXContainerItemProxy */ = {
			isa = PBXContainerItemProxy;
			containerPortal = 6984635A290502640044D066 /* Project object */;
			proxyType = 1;
			remoteGlobalIDString = 69846361290502650044D066;
			remoteInfo = "SakodaHiromichi-kadai2";
		};
		6984637D290502670044D066 /* PBXContainerItemProxy */ = {
			isa = PBXContainerItemProxy;
			containerPortal = 6984635A290502640044D066 /* Project object */;
			proxyType = 1;
			remoteGlobalIDString = 69846361290502650044D066;
			remoteInfo = "SakodaHiromichi-kadai2";
		};
/* End PBXContainerItemProxy section */

/* Begin PBXFileReference section */
		69846362290502650044D066 /* SakodaHiromichi-kadai2.app */ = {isa = PBXFileReference; explicitFileType = wrapper.application; includeInIndex = 0; path = "SakodaHiromichi-kadai2.app"; sourceTree = BUILT_PRODUCTS_DIR; };
		69846365290502650044D066 /* SakodaHiromichi_kadai2App.swift */ = {isa = PBXFileReference; lastKnownFileType = sourcecode.swift; path = SakodaHiromichi_kadai2App.swift; sourceTree = "<group>"; };
		69846367290502650044D066 /* ContentView.swift */ = {isa = PBXFileReference; lastKnownFileType = sourcecode.swift; path = ContentView.swift; sourceTree = "<group>"; };
		69846369290502670044D066 /* Assets.xcassets */ = {isa = PBXFileReference; lastKnownFileType = folder.assetcatalog; path = Assets.xcassets; sourceTree = "<group>"; };
		6984636C290502670044D066 /* Preview Assets.xcassets */ = {isa = PBXFileReference; lastKnownFileType = folder.assetcatalog; path = "Preview Assets.xcassets"; sourceTree = "<group>"; };
		69846372290502670044D066 /* SakodaHiromichi-kadai2Tests.xctest */ = {isa = PBXFileReference; explicitFileType = wrapper.cfbundle; includeInIndex = 0; path = "SakodaHiromichi-kadai2Tests.xctest"; sourceTree = BUILT_PRODUCTS_DIR; };
		69846376290502670044D066 /* SakodaHiromichi_kadai2Tests.swift */ = {isa = PBXFileReference; lastKnownFileType = sourcecode.swift; path = SakodaHiromichi_kadai2Tests.swift; sourceTree = "<group>"; };
		6984637C290502670044D066 /* SakodaHiromichi-kadai2UITests.xctest */ = {isa = PBXFileReference; explicitFileType = wrapper.cfbundle; includeInIndex = 0; path = "SakodaHiromichi-kadai2UITests.xctest"; sourceTree = BUILT_PRODUCTS_DIR; };
		69846380290502670044D066 /* SakodaHiromichi_kadai2UITests.swift */ = {isa = PBXFileReference; lastKnownFileType = sourcecode.swift; path = SakodaHiromichi_kadai2UITests.swift; sourceTree = "<group>"; };
		69846382290502670044D066 /* SakodaHiromichi_kadai2UITestsLaunchTests.swift */ = {isa = PBXFileReference; lastKnownFileType = sourcecode.swift; path = SakodaHiromichi_kadai2UITestsLaunchTests.swift; sourceTree = "<group>"; };
		699C0F232907FB4D0021D42C /* DoubleTest.swift */ = {isa = PBXFileReference; lastKnownFileType = sourcecode.swift; path = DoubleTest.swift; sourceTree = "<group>"; };
/* End PBXFileReference section */

/* Begin PBXFrameworksBuildPhase section */
		6984635F290502650044D066 /* Frameworks */ = {
			isa = PBXFrameworksBuildPhase;
			buildActionMask = 2147483647;
			files = (
			);
			runOnlyForDeploymentPostprocessing = 0;
		};
		6984636F290502670044D066 /* Frameworks */ = {
			isa = PBXFrameworksBuildPhase;
			buildActionMask = 2147483647;
			files = (
			);
			runOnlyForDeploymentPostprocessing = 0;
		};
		69846379290502670044D066 /* Frameworks */ = {
			isa = PBXFrameworksBuildPhase;
			buildActionMask = 2147483647;
			files = (
			);
			runOnlyForDeploymentPostprocessing = 0;
		};
/* End PBXFrameworksBuildPhase section */

/* Begin PBXGroup section */
		69846359290502640044D066 = {
			isa = PBXGroup;
			children = (
				69846364290502650044D066 /* SakodaHiromichi-kadai2 */,
				69846375290502670044D066 /* SakodaHiromichi-kadai2Tests */,
				6984637F290502670044D066 /* SakodaHiromichi-kadai2UITests */,
				69846363290502650044D066 /* Products */,
			);
			sourceTree = "<group>";
		};
		69846363290502650044D066 /* Products */ = {
			isa = PBXGroup;
			children = (
				69846362290502650044D066 /* SakodaHiromichi-kadai2.app */,
				69846372290502670044D066 /* SakodaHiromichi-kadai2Tests.xctest */,
				6984637C290502670044D066 /* SakodaHiromichi-kadai2UITests.xctest */,
			);
			name = Products;
			sourceTree = "<group>";
		};
		69846364290502650044D066 /* SakodaHiromichi-kadai2 */ = {
			isa = PBXGroup;
			children = (
				69846365290502650044D066 /* SakodaHiromichi_kadai2App.swift */,
				69846367290502650044D066 /* ContentView.swift */,
				699C0F232907FB4D0021D42C /* DoubleTest.swift */,
				69846369290502670044D066 /* Assets.xcassets */,
				6984636B290502670044D066 /* Preview Content */,
			);
			path = "SakodaHiromichi-kadai2";
			sourceTree = "<group>";
		};
		6984636B290502670044D066 /* Preview Content */ = {
			isa = PBXGroup;
			children = (
				6984636C290502670044D066 /* Preview Assets.xcassets */,
			);
			path = "Preview Content";
			sourceTree = "<group>";
		};
		69846375290502670044D066 /* SakodaHiromichi-kadai2Tests */ = {
			isa = PBXGroup;
			children = (
				69846376290502670044D066 /* SakodaHiromichi_kadai2Tests.swift */,
			);
			path = "SakodaHiromichi-kadai2Tests";
			sourceTree = "<group>";
		};
		6984637F290502670044D066 /* SakodaHiromichi-kadai2UITests */ = {
			isa = PBXGroup;
			children = (
				69846380290502670044D066 /* SakodaHiromichi_kadai2UITests.swift */,
				69846382290502670044D066 /* SakodaHiromichi_kadai2UITestsLaunchTests.swift */,
			);
			path = "SakodaHiromichi-kadai2UITests";
			sourceTree = "<group>";
		};
/* End PBXGroup section */

/* Begin PBXNativeTarget section */
		69846361290502650044D066 /* SakodaHiromichi-kadai2 */ = {
			isa = PBXNativeTarget;
			buildConfigurationList = 69846386290502670044D066 /* Build configuration list for PBXNativeTarget "SakodaHiromichi-kadai2" */;
			buildPhases = (
				6984635E290502650044D066 /* Sources */,
				6984635F290502650044D066 /* Frameworks */,
				69846360290502650044D066 /* Resources */,
			);
			buildRules = (
			);
			dependencies = (
			);
			name = "SakodaHiromichi-kadai2";
			productName = "SakodaHiromichi-kadai2";
			productReference = 69846362290502650044D066 /* SakodaHiromichi-kadai2.app */;
			productType = "com.apple.product-type.application";
		};
		69846371290502670044D066 /* SakodaHiromichi-kadai2Tests */ = {
			isa = PBXNativeTarget;
			buildConfigurationList = 69846389290502670044D066 /* Build configuration list for PBXNativeTarget "SakodaHiromichi-kadai2Tests" */;
			buildPhases = (
				6984636E290502670044D066 /* Sources */,
				6984636F290502670044D066 /* Frameworks */,
				69846370290502670044D066 /* Resources */,
			);
			buildRules = (
			);
			dependencies = (
				69846374290502670044D066 /* PBXTargetDependency */,
			);
			name = "SakodaHiromichi-kadai2Tests";
			productName = "SakodaHiromichi-kadai2Tests";
			productReference = 69846372290502670044D066 /* SakodaHiromichi-kadai2Tests.xctest */;
			productType = "com.apple.product-type.bundle.unit-test";
		};
		6984637B290502670044D066 /* SakodaHiromichi-kadai2UITests */ = {
			isa = PBXNativeTarget;
			buildConfigurationList = 6984638C290502670044D066 /* Build configuration list for PBXNativeTarget "SakodaHiromichi-kadai2UITests" */;
			buildPhases = (
				69846378290502670044D066 /* Sources */,
				69846379290502670044D066 /* Frameworks */,
				6984637A290502670044D066 /* Resources */,
			);
			buildRules = (
			);
			dependencies = (
				6984637E290502670044D066 /* PBXTargetDependency */,
			);
			name = "SakodaHiromichi-kadai2UITests";
			productName = "SakodaHiromichi-kadai2UITests";
			productReference = 6984637C290502670044D066 /* SakodaHiromichi-kadai2UITests.xctest */;
			productType = "com.apple.product-type.bundle.ui-testing";
		};
/* End PBXNativeTarget section */

/* Begin PBXProject section */
		6984635A290502640044D066 /* Project object */ = {
			isa = PBXProject;
			attributes = {
				BuildIndependentTargetsInParallel = 1;
				LastSwiftUpdateCheck = 1400;
				LastUpgradeCheck = 1400;
				TargetAttributes = {
					69846361290502650044D066 = {
						CreatedOnToolsVersion = 14.0.1;
					};
					69846371290502670044D066 = {
						CreatedOnToolsVersion = 14.0.1;
						TestTargetID = 69846361290502650044D066;
					};
					6984637B290502670044D066 = {
						CreatedOnToolsVersion = 14.0.1;
						TestTargetID = 69846361290502650044D066;
					};
				};
			};
			buildConfigurationList = 6984635D290502640044D066 /* Build configuration list for PBXProject "SakodaHiromichi-kadai2" */;
			compatibilityVersion = "Xcode 14.0";
			developmentRegion = en;
			hasScannedForEncodings = 0;
			knownRegions = (
				en,
				Base,
			);
			mainGroup = 69846359290502640044D066;
			productRefGroup = 69846363290502650044D066 /* Products */;
			projectDirPath = "";
			projectRoot = "";
			targets = (
				69846361290502650044D066 /* SakodaHiromichi-kadai2 */,
				69846371290502670044D066 /* SakodaHiromichi-kadai2Tests */,
				6984637B290502670044D066 /* SakodaHiromichi-kadai2UITests */,
			);
		};
/* End PBXProject section */

/* Begin PBXResourcesBuildPhase section */
		69846360290502650044D066 /* Resources */ = {
			isa = PBXResourcesBuildPhase;
			buildActionMask = 2147483647;
			files = (
				6984636D290502670044D066 /* Preview Assets.xcassets in Resources */,
				6984636A290502670044D066 /* Assets.xcassets in Resources */,
			);
			runOnlyForDeploymentPostprocessing = 0;
		};
		69846370290502670044D066 /* Resources */ = {
			isa = PBXResourcesBuildPhase;
			buildActionMask = 2147483647;
			files = (
			);
			runOnlyForDeploymentPostprocessing = 0;
		};
		6984637A290502670044D066 /* Resources */ = {
			isa = PBXResourcesBuildPhase;
			buildActionMask = 2147483647;
			files = (
			);
			runOnlyForDeploymentPostprocessing = 0;
		};
/* End PBXResourcesBuildPhase section */

/* Begin PBXSourcesBuildPhase section */
		6984635E290502650044D066 /* Sources */ = {
			isa = PBXSourcesBuildPhase;
			buildActionMask = 2147483647;
			files = (
				699C0F242907FB4D0021D42C /* DoubleTest.swift in Sources */,
				69846368290502650044D066 /* ContentView.swift in Sources */,
				69846366290502650044D066 /* SakodaHiromichi_kadai2App.swift in Sources */,
			);
			runOnlyForDeploymentPostprocessing = 0;
		};
		6984636E290502670044D066 /* Sources */ = {
			isa = PBXSourcesBuildPhase;
			buildActionMask = 2147483647;
			files = (
				69846377290502670044D066 /* SakodaHiromichi_kadai2Tests.swift in Sources */,
			);
			runOnlyForDeploymentPostprocessing = 0;
		};
		69846378290502670044D066 /* Sources */ = {
			isa = PBXSourcesBuildPhase;
			buildActionMask = 2147483647;
			files = (
				69846383290502670044D066 /* SakodaHiromichi_kadai2UITestsLaunchTests.swift in Sources */,
				69846381290502670044D066 /* SakodaHiromichi_kadai2UITests.swift in Sources */,
			);
			runOnlyForDeploymentPostprocessing = 0;
		};
/* End PBXSourcesBuildPhase section */

/* Begin PBXTargetDependency section */
		69846374290502670044D066 /* PBXTargetDependency */ = {
			isa = PBXTargetDependency;
			target = 69846361290502650044D066 /* SakodaHiromichi-kadai2 */;
			targetProxy = 69846373290502670044D066 /* PBXContainerItemProxy */;
		};
		6984637E290502670044D066 /* PBXTargetDependency */ = {
			isa = PBXTargetDependency;
			target = 69846361290502650044D066 /* SakodaHiromichi-kadai2 */;
			targetProxy = 6984637D290502670044D066 /* PBXContainerItemProxy */;
		};
/* End PBXTargetDependency section */

/* Begin XCBuildConfiguration section */
		69846384290502670044D066 /* Debug */ = {
			isa = XCBuildConfiguration;
			buildSettings = {
				ALWAYS_SEARCH_USER_PATHS = NO;
				CLANG_ANALYZER_NONNULL = YES;
				CLANG_ANALYZER_NUMBER_OBJECT_CONVERSION = YES_AGGRESSIVE;
				CLANG_CXX_LANGUAGE_STANDARD = "gnu++20";
				CLANG_ENABLE_MODULES = YES;
				CLANG_ENABLE_OBJC_ARC = YES;
				CLANG_ENABLE_OBJC_WEAK = YES;
				CLANG_WARN_BLOCK_CAPTURE_AUTORELEASING = YES;
				CLANG_WARN_BOOL_CONVERSION = YES;
				CLANG_WARN_COMMA = YES;
				CLANG_WARN_CONSTANT_CONVERSION = YES;
				CLANG_WARN_DEPRECATED_OBJC_IMPLEMENTATIONS = YES;
				CLANG_WARN_DIRECT_OBJC_ISA_USAGE = YES_ERROR;
				CLANG_WARN_DOCUMENTATION_COMMENTS = YES;
				CLANG_WARN_EMPTY_BODY = YES;
				CLANG_WARN_ENUM_CONVERSION = YES;
				CLANG_WARN_INFINITE_RECURSION = YES;
				CLANG_WARN_INT_CONVERSION = YES;
				CLANG_WARN_NON_LITERAL_NULL_CONVERSION = YES;
				CLANG_WARN_OBJC_IMPLICIT_RETAIN_SELF = YES;
				CLANG_WARN_OBJC_LITERAL_CONVERSION = YES;
				CLANG_WARN_OBJC_ROOT_CLASS = YES_ERROR;
				CLANG_WARN_QUOTED_INCLUDE_IN_FRAMEWORK_HEADER = YES;
				CLANG_WARN_RANGE_LOOP_ANALYSIS = YES;
				CLANG_WARN_STRICT_PROTOTYPES = YES;
				CLANG_WARN_SUSPICIOUS_MOVE = YES;
				CLANG_WARN_UNGUARDED_AVAILABILITY = YES_AGGRESSIVE;
				CLANG_WARN_UNREACHABLE_CODE = YES;
				CLANG_WARN__DUPLICATE_METHOD_MATCH = YES;
				COPY_PHASE_STRIP = NO;
				DEBUG_INFORMATION_FORMAT = dwarf;
				ENABLE_STRICT_OBJC_MSGSEND = YES;
				ENABLE_TESTABILITY = YES;
				GCC_C_LANGUAGE_STANDARD = gnu11;
				GCC_DYNAMIC_NO_PIC = NO;
				GCC_NO_COMMON_BLOCKS = YES;
				GCC_OPTIMIZATION_LEVEL = 0;
				GCC_PREPROCESSOR_DEFINITIONS = (
					"DEBUG=1",
					"$(inherited)",
				);
				GCC_WARN_64_TO_32_BIT_CONVERSION = YES;
				GCC_WARN_ABOUT_RETURN_TYPE = YES_ERROR;
				GCC_WARN_UNDECLARED_SELECTOR = YES;
				GCC_WARN_UNINITIALIZED_AUTOS = YES_AGGRESSIVE;
				GCC_WARN_UNUSED_FUNCTION = YES;
				GCC_WARN_UNUSED_VARIABLE = YES;
				IPHONEOS_DEPLOYMENT_TARGET = 16.0;
				MTL_ENABLE_DEBUG_INFO = INCLUDE_SOURCE;
				MTL_FAST_MATH = YES;
				ONLY_ACTIVE_ARCH = YES;
				SDKROOT = iphoneos;
				SWIFT_ACTIVE_COMPILATION_CONDITIONS = DEBUG;
				SWIFT_OPTIMIZATION_LEVEL = "-Onone";
			};
			name = Debug;
		};
		69846385290502670044D066 /* Release */ = {
			isa = XCBuildConfiguration;
			buildSettings = {
				ALWAYS_SEARCH_USER_PATHS = NO;
				CLANG_ANALYZER_NONNULL = YES;
				CLANG_ANALYZER_NUMBER_OBJECT_CONVERSION = YES_AGGRESSIVE;
				CLANG_CXX_LANGUAGE_STANDARD = "gnu++20";
				CLANG_ENABLE_MODULES = YES;
				CLANG_ENABLE_OBJC_ARC = YES;
				CLANG_ENABLE_OBJC_WEAK = YES;
				CLANG_WARN_BLOCK_CAPTURE_AUTORELEASING = YES;
				CLANG_WARN_BOOL_CONVERSION = YES;
				CLANG_WARN_COMMA = YES;
				CLANG_WARN_CONSTANT_CONVERSION = YES;
				CLANG_WARN_DEPRECATED_OBJC_IMPLEMENTATIONS = YES;
				CLANG_WARN_DIRECT_OBJC_ISA_USAGE = YES_ERROR;
				CLANG_WARN_DOCUMENTATION_COMMENTS = YES;
				CLANG_WARN_EMPTY_BODY = YES;
				CLANG_WARN_ENUM_CONVERSION = YES;
				CLANG_WARN_INFINITE_RECURSION = YES;
				CLANG_WARN_INT_CONVERSION = YES;
				CLANG_WARN_NON_LITERAL_NULL_CONVERSION = YES;
				CLANG_WARN_OBJC_IMPLICIT_RETAIN_SELF = YES;
				CLANG_WARN_OBJC_LITERAL_CONVERSION = YES;
				CLANG_WARN_OBJC_ROOT_CLASS = YES_ERROR;
				CLANG_WARN_QUOTED_INCLUDE_IN_FRAMEWORK_HEADER = YES;
				CLANG_WARN_RANGE_LOOP_ANALYSIS = YES;
				CLANG_WARN_STRICT_PROTOTYPES = YES;
				CLANG_WARN_SUSPICIOUS_MOVE = YES;
				CLANG_WARN_UNGUARDED_AVAILABILITY = YES_AGGRESSIVE;
				CLANG_WARN_UNREACHABLE_CODE = YES;
				CLANG_WARN__DUPLICATE_METHOD_MATCH = YES;
				COPY_PHASE_STRIP = NO;
				DEBUG_INFORMATION_FORMAT = "dwarf-with-dsym";
				ENABLE_NS_ASSERTIONS = NO;
				ENABLE_STRICT_OBJC_MSGSEND = YES;
				GCC_C_LANGUAGE_STANDARD = gnu11;
				GCC_NO_COMMON_BLOCKS = YES;
				GCC_WARN_64_TO_32_BIT_CONVERSION = YES;
				GCC_WARN_ABOUT_RETURN_TYPE = YES_ERROR;
				GCC_WARN_UNDECLARED_SELECTOR = YES;
				GCC_WARN_UNINITIALIZED_AUTOS = YES_AGGRESSIVE;
				GCC_WARN_UNUSED_FUNCTION = YES;
				GCC_WARN_UNUSED_VARIABLE = YES;
				IPHONEOS_DEPLOYMENT_TARGET = 16.0;
				MTL_ENABLE_DEBUG_INFO = NO;
				MTL_FAST_MATH = YES;
				SDKROOT = iphoneos;
				SWIFT_COMPILATION_MODE = wholemodule;
				SWIFT_OPTIMIZATION_LEVEL = "-O";
				VALIDATE_PRODUCT = YES;
			};
			name = Release;
		};
		69846387290502670044D066 /* Debug */ = {
			isa = XCBuildConfiguration;
			buildSettings = {
				ASSETCATALOG_COMPILER_APPICON_NAME = AppIcon;
				ASSETCATALOG_COMPILER_GLOBAL_ACCENT_COLOR_NAME = AccentColor;
				CODE_SIGN_STYLE = Automatic;
				CURRENT_PROJECT_VERSION = 1;
				DEVELOPMENT_ASSET_PATHS = "\"SakodaHiromichi-kadai2/Preview Content\"";
				ENABLE_PREVIEWS = YES;
				GENERATE_INFOPLIST_FILE = YES;
				INFOPLIST_KEY_UIApplicationSceneManifest_Generation = YES;
				INFOPLIST_KEY_UIApplicationSupportsIndirectInputEvents = YES;
				INFOPLIST_KEY_UILaunchScreen_Generation = YES;
				INFOPLIST_KEY_UISupportedInterfaceOrientations_iPad = "UIInterfaceOrientationPortrait UIInterfaceOrientationPortraitUpsideDown UIInterfaceOrientationLandscapeLeft UIInterfaceOrientationLandscapeRight";
				INFOPLIST_KEY_UISupportedInterfaceOrientations_iPhone = "UIInterfaceOrientationPortrait UIInterfaceOrientationLandscapeLeft UIInterfaceOrientationLandscapeRight";
				LD_RUNPATH_SEARCH_PATHS = (
					"$(inherited)",
					"@executable_path/Frameworks",
				);
				MARKETING_VERSION = 1.0;
				PRODUCT_BUNDLE_IDENTIFIER = "com.sako.SakodaHiromichi-kadai2";
				PRODUCT_NAME = "$(TARGET_NAME)";
				SWIFT_EMIT_LOC_STRINGS = YES;
				SWIFT_VERSION = 5.0;
				TARGETED_DEVICE_FAMILY = "1,2";
			};
			name = Debug;
		};
		69846388290502670044D066 /* Release */ = {
			isa = XCBuildConfiguration;
			buildSettings = {
				ASSETCATALOG_COMPILER_APPICON_NAME = AppIcon;
				ASSETCATALOG_COMPILER_GLOBAL_ACCENT_COLOR_NAME = AccentColor;
				CODE_SIGN_STYLE = Automatic;
				CURRENT_PROJECT_VERSION = 1;
				DEVELOPMENT_ASSET_PATHS = "\"SakodaHiromichi-kadai2/Preview Content\"";
				ENABLE_PREVIEWS = YES;
				GENERATE_INFOPLIST_FILE = YES;
				INFOPLIST_KEY_UIApplicationSceneManifest_Generation = YES;
				INFOPLIST_KEY_UIApplicationSupportsIndirectInputEvents = YES;
				INFOPLIST_KEY_UILaunchScreen_Generation = YES;
				INFOPLIST_KEY_UISupportedInterfaceOrientations_iPad = "UIInterfaceOrientationPortrait UIInterfaceOrientationPortraitUpsideDown UIInterfaceOrientationLandscapeLeft UIInterfaceOrientationLandscapeRight";
				INFOPLIST_KEY_UISupportedInterfaceOrientations_iPhone = "UIInterfaceOrientationPortrait UIInterfaceOrientationLandscapeLeft UIInterfaceOrientationLandscapeRight";
				LD_RUNPATH_SEARCH_PATHS = (
					"$(inherited)",
					"@executable_path/Frameworks",
				);
				MARKETING_VERSION = 1.0;
				PRODUCT_BUNDLE_IDENTIFIER = "com.sako.SakodaHiromichi-kadai2";
				PRODUCT_NAME = "$(TARGET_NAME)";
				SWIFT_EMIT_LOC_STRINGS = YES;
				SWIFT_VERSION = 5.0;
				TARGETED_DEVICE_FAMILY = "1,2";
			};
			name = Release;
		};
		6984638A290502670044D066 /* Debug */ = {
			isa = XCBuildConfiguration;
			buildSettings = {
				ALWAYS_EMBED_SWIFT_STANDARD_LIBRARIES = YES;
				BUNDLE_LOADER = "$(TEST_HOST)";
				CODE_SIGN_STYLE = Automatic;
				CURRENT_PROJECT_VERSION = 1;
				GENERATE_INFOPLIST_FILE = YES;
				IPHONEOS_DEPLOYMENT_TARGET = 16.0;
				MARKETING_VERSION = 1.0;
				PRODUCT_BUNDLE_IDENTIFIER = "com.sako.SakodaHiromichi-kadai2Tests";
				PRODUCT_NAME = "$(TARGET_NAME)";
				SWIFT_EMIT_LOC_STRINGS = NO;
				SWIFT_VERSION = 5.0;
				TARGETED_DEVICE_FAMILY = "1,2";
				TEST_HOST = "$(BUILT_PRODUCTS_DIR)/SakodaHiromichi-kadai2.app/$(BUNDLE_EXECUTABLE_FOLDER_PATH)/SakodaHiromichi-kadai2";
			};
			name = Debug;
		};
		6984638B290502670044D066 /* Release */ = {
			isa = XCBuildConfiguration;
			buildSettings = {
				ALWAYS_EMBED_SWIFT_STANDARD_LIBRARIES = YES;
				BUNDLE_LOADER = "$(TEST_HOST)";
				CODE_SIGN_STYLE = Automatic;
				CURRENT_PROJECT_VERSION = 1;
				GENERATE_INFOPLIST_FILE = YES;
				IPHONEOS_DEPLOYMENT_TARGET = 16.0;
				MARKETING_VERSION = 1.0;
				PRODUCT_BUNDLE_IDENTIFIER = "com.sako.SakodaHiromichi-kadai2Tests";
				PRODUCT_NAME = "$(TARGET_NAME)";
				SWIFT_EMIT_LOC_STRINGS = NO;
				SWIFT_VERSION = 5.0;
				TARGETED_DEVICE_FAMILY = "1,2";
				TEST_HOST = "$(BUILT_PRODUCTS_DIR)/SakodaHiromichi-kadai2.app/$(BUNDLE_EXECUTABLE_FOLDER_PATH)/SakodaHiromichi-kadai2";
			};
			name = Release;
		};
		6984638D290502670044D066 /* Debug */ = {
			isa = XCBuildConfiguration;
			buildSettings = {
				ALWAYS_EMBED_SWIFT_STANDARD_LIBRARIES = YES;
				CODE_SIGN_STYLE = Automatic;
				CURRENT_PROJECT_VERSION = 1;
				GENERATE_INFOPLIST_FILE = YES;
				MARKETING_VERSION = 1.0;
				PRODUCT_BUNDLE_IDENTIFIER = "com.sako.SakodaHiromichi-kadai2UITests";
				PRODUCT_NAME = "$(TARGET_NAME)";
				SWIFT_EMIT_LOC_STRINGS = NO;
				SWIFT_VERSION = 5.0;
				TARGETED_DEVICE_FAMILY = "1,2";
				TEST_TARGET_NAME = "SakodaHiromichi-kadai2";
			};
			name = Debug;
		};
		6984638E290502670044D066 /* Release */ = {
			isa = XCBuildConfiguration;
			buildSettings = {
				ALWAYS_EMBED_SWIFT_STANDARD_LIBRARIES = YES;
				CODE_SIGN_STYLE = Automatic;
				CURRENT_PROJECT_VERSION = 1;
				GENERATE_INFOPLIST_FILE = YES;
				MARKETING_VERSION = 1.0;
				PRODUCT_BUNDLE_IDENTIFIER = "com.sako.SakodaHiromichi-kadai2UITests";
				PRODUCT_NAME = "$(TARGET_NAME)";
				SWIFT_EMIT_LOC_STRINGS = NO;
				SWIFT_VERSION = 5.0;
				TARGETED_DEVICE_FAMILY = "1,2";
				TEST_TARGET_NAME = "SakodaHiromichi-kadai2";
			};
			name = Release;
		};
/* End XCBuildConfiguration section */

/* Begin XCConfigurationList section */
		6984635D290502640044D066 /* Build configuration list for PBXProject "SakodaHiromichi-kadai2" */ = {
			isa = XCConfigurationList;
			buildConfigurations = (
				69846384290502670044D066 /* Debug */,
				69846385290502670044D066 /* Release */,
			);
			defaultConfigurationIsVisible = 0;
			defaultConfigurationName = Release;
		};
		69846386290502670044D066 /* Build configuration list for PBXNativeTarget "SakodaHiromichi-kadai2" */ = {
			isa = XCConfigurationList;
			buildConfigurations = (
				69846387290502670044D066 /* Debug */,
				69846388290502670044D066 /* Release */,
			);
			defaultConfigurationIsVisible = 0;
			defaultConfigurationName = Release;
		};
		69846389290502670044D066 /* Build configuration list for PBXNativeTarget "SakodaHiromichi-kadai2Tests" */ = {
			isa = XCConfigurationList;
			buildConfigurations = (
				6984638A290502670044D066 /* Debug */,
				6984638B290502670044D066 /* Release */,
			);
			defaultConfigurationIsVisible = 0;
			defaultConfigurationName = Release;
		};
		6984638C290502670044D066 /* Build configuration list for PBXNativeTarget "SakodaHiromichi-kadai2UITests" */ = {
			isa = XCConfigurationList;
			buildConfigurations = (
				6984638D290502670044D066 /* Debug */,
				6984638E290502670044D066 /* Release */,
			);
			defaultConfigurationIsVisible = 0;
			defaultConfigurationName = Release;
		};
/* End XCConfigurationList section */
	};
	rootObject = 6984635A290502640044D066 /* Project object */;
}
